
Microsoft Visual Studio Solution File, Format Version 12.00
# Visual Studio 2012
Project("{2150E333-8FDC-42A3-9474-1A3956D46DE8}") = "0 - Presentation", "0 - Presentation", "{8CB63EC5-3231-4434-9052-EDBA15CB7BFB}"
EndProject
Project("{2150E333-8FDC-42A3-9474-1A3956D46DE8}") = "1 - Service", "1 - Service", "{8F4CC3B4-96FD-4365-98EC-50CE9F2ED84E}"
EndProject
Project("{2150E333-8FDC-42A3-9474-1A3956D46DE8}") = "2 - Application", "2 - Application", "{69A37681-6122-4455-968A-D0F6BCAA44AC}"
EndProject
Project("{2150E333-8FDC-42A3-9474-1A3956D46DE8}") = "3 - Domain", "3 - Domain", "{2DC640A9-07E4-441D-9781-55956E16CEA7}"
EndProject
Project("{2150E333-8FDC-42A3-9474-1A3956D46DE8}") = "4 - Infrastructure", "4 - Infrastructure", "{86182233-4639-412C-BF2C-D4CE6F5276E1}"
EndProject
Project("{FAE04EC0-301F-11D3-BF4B-00C04F79EFBC}") = "ACMA.Application", "ACMA.Application\ACMA.Application.csproj", "{09DAA207-CD03-478C-A79C-88978392671C}"
EndProject
Project("{FAE04EC0-301F-11D3-BF4B-00C04F79EFBC}") = "ACMA.Domain", "ACMA.Domain\ACMA.Domain.csproj", "{7453FE9E-3416-47B4-8459-C05E203CB0BA}"
EndProject
Project("{FAE04EC0-301F-11D3-BF4B-00C04F79EFBC}") = "ACMA.Infra", "ACMA.Infra\ACMA.Infra.csproj", "{EB81016D-A58A-40D2-8370-06AE4655E1BA}"
EndProject
Project("{FAE04EC0-301F-11D3-BF4B-00C04F79EFBC}") = "ACMA.Repository", "ACMA.Repository\ACMA.Repository.csproj", "{5BAFBCC6-672D-4600-9741-A89F70AB04CD}"
EndProject
Project("{FAE04EC0-301F-11D3-BF4B-00C04F79EFBC}") = "ACMA.NetworkBandwidthMonitorService", "ACMA.NetworkBandwidthMonitorService\ACMA.NetworkBandwidthMonitorService.csproj", "{BDB0C152-57EE-44A6-A562-76AE91A8EB46}"
EndProject
Project("{FAE04EC0-301F-11D3-BF4B-00C04F79EFBC}") = "ACMA.CaptureAndFilteringDataService", "ACMA.CaptureAndFilteringDataService\ACMA.CaptureAndFilteringDataService.csproj", "{735C0057-0212-434B-B4C1-E1E10B742878}"
EndProject
Project("{2150E333-8FDC-42A3-9474-1A3956D46DE8}") = "5 - TestUnit", "5 - TestUnit", "{505AFCC7-D222-4C18-A355-DD6FD442BEF4}"
EndProject
Project("{FAE04EC0-301F-11D3-BF4B-00C04F79EFBC}") = "ACMA.TestUnit", "ACMA.TestUnit\ACMA.TestUnit.csproj", "{458AC2D6-E3EF-410B-B7CF-203CEE44743F}"
EndProject
Project("{FAE04EC0-301F-11D3-BF4B-00C04F79EFBC}") = "ACMA.TestUnitVS", "ACMA.TestUnitVS\ACMA.TestUnitVS.csproj", "{F8781953-07C9-4715-BFF2-0D6884922C89}"
EndProject
Project("{FAE04EC0-301F-11D3-BF4B-00C04F79EFBC}") = "ACMA", "ACMA\ACMA.csproj", "{5E49CDB8-6247-465A-A22E-25CD2A114B2C}"
EndProject
Global
	GlobalSection(SolutionConfigurationPlatforms) = preSolution
		Debug|Any CPU = Debug|Any CPU
		Release|Any CPU = Release|Any CPU
	EndGlobalSection
	GlobalSection(ProjectConfigurationPlatforms) = postSolution
		{09DAA207-CD03-478C-A79C-88978392671C}.Debug|Any CPU.ActiveCfg = Debug|Any CPU
		{09DAA207-CD03-478C-A79C-88978392671C}.Debug|Any CPU.Build.0 = Debug|Any CPU
		{09DAA207-CD03-478C-A79C-88978392671C}.Release|Any CPU.ActiveCfg = Release|Any CPU
		{09DAA207-CD03-478C-A79C-88978392671C}.Release|Any CPU.Build.0 = Release|Any CPU
		{7453FE9E-3416-47B4-8459-C05E203CB0BA}.Debug|Any CPU.ActiveCfg = Debug|Any CPU
		{7453FE9E-3416-47B4-8459-C05E203CB0BA}.Debug|Any CPU.Build.0 = Debug|Any CPU
		{7453FE9E-3416-47B4-8459-C05E203CB0BA}.Release|Any CPU.ActiveCfg = Release|Any CPU
		{7453FE9E-3416-47B4-8459-C05E203CB0BA}.Release|Any CPU.Build.0 = Release|Any CPU
		{EB81016D-A58A-40D2-8370-06AE4655E1BA}.Debug|Any CPU.ActiveCfg = Debug|Any CPU
		{EB81016D-A58A-40D2-8370-06AE4655E1BA}.Debug|Any CPU.Build.0 = Debug|Any CPU
		{EB81016D-A58A-40D2-8370-06AE4655E1BA}.Release|Any CPU.ActiveCfg = Release|Any CPU
		{EB81016D-A58A-40D2-8370-06AE4655E1BA}.Release|Any CPU.Build.0 = Release|Any CPU
		{5BAFBCC6-672D-4600-9741-A89F70AB04CD}.Debug|Any CPU.ActiveCfg = Debug|Any CPU
		{5BAFBCC6-672D-4600-9741-A89F70AB04CD}.Debug|Any CPU.Build.0 = Debug|Any CPU
		{5BAFBCC6-672D-4600-9741-A89F70AB04CD}.Release|Any CPU.ActiveCfg = Release|Any CPU
		{5BAFBCC6-672D-4600-9741-A89F70AB04CD}.Release|Any CPU.Build.0 = Release|Any CPU
		{BDB0C152-57EE-44A6-A562-76AE91A8EB46}.Debug|Any CPU.ActiveCfg = Debug|Any CPU
		{BDB0C152-57EE-44A6-A562-76AE91A8EB46}.Debug|Any CPU.Build.0 = Debug|Any CPU
		{BDB0C152-57EE-44A6-A562-76AE91A8EB46}.Release|Any CPU.ActiveCfg = Release|Any CPU
		{BDB0C152-57EE-44A6-A562-76AE91A8EB46}.Release|Any CPU.Build.0 = Release|Any CPU
		{735C0057-0212-434B-B4C1-E1E10B742878}.Debug|Any CPU.ActiveCfg = Debug|Any CPU
		{735C0057-0212-434B-B4C1-E1E10B742878}.Debug|Any CPU.Build.0 = Debug|Any CPU
		{735C0057-0212-434B-B4C1-E1E10B742878}.Release|Any CPU.ActiveCfg = Release|Any CPU
		{735C0057-0212-434B-B4C1-E1E10B742878}.Release|Any CPU.Build.0 = Release|Any CPU
		{458AC2D6-E3EF-410B-B7CF-203CEE44743F}.Debug|Any CPU.ActiveCfg = Debug|Any CPU
		{458AC2D6-E3EF-410B-B7CF-203CEE44743F}.Debug|Any CPU.Build.0 = Debug|Any CPU
		{458AC2D6-E3EF-410B-B7CF-203CEE44743F}.Release|Any CPU.ActiveCfg = Release|Any CPU
		{458AC2D6-E3EF-410B-B7CF-203CEE44743F}.Release|Any CPU.Build.0 = Release|Any CPU
		{F8781953-07C9-4715-BFF2-0D6884922C89}.Debug|Any CPU.ActiveCfg = Debug|Any CPU
		{F8781953-07C9-4715-BFF2-0D6884922C89}.Debug|Any CPU.Build.0 = Debug|Any CPU
		{F8781953-07C9-4715-BFF2-0D6884922C89}.Release|Any CPU.ActiveCfg = Release|Any CPU
		{F8781953-07C9-4715-BFF2-0D6884922C89}.Release|Any CPU.Build.0 = Release|Any CPU
		{5E49CDB8-6247-465A-A22E-25CD2A114B2C}.Debug|Any CPU.ActiveCfg = Debug|Any CPU
		{5E49CDB8-6247-465A-A22E-25CD2A114B2C}.Debug|Any CPU.Build.0 = Debug|Any CPU
		{5E49CDB8-6247-465A-A22E-25CD2A114B2C}.Release|Any CPU.ActiveCfg = Release|Any CPU
		{5E49CDB8-6247-465A-A22E-25CD2A114B2C}.Release|Any CPU.Build.0 = Release|Any CPU
	EndGlobalSection
	GlobalSection(SolutionProperties) = preSolution
		HideSolutionNode = FALSE
	EndGlobalSection
	GlobalSection(NestedProjects) = preSolution
		{5E49CDB8-6247-465A-A22E-25CD2A114B2C} = {8CB63EC5-3231-4434-9052-EDBA15CB7BFB}
		{BDB0C152-57EE-44A6-A562-76AE91A8EB46} = {8F4CC3B4-96FD-4365-98EC-50CE9F2ED84E}
		{735C0057-0212-434B-B4C1-E1E10B742878} = {8F4CC3B4-96FD-4365-98EC-50CE9F2ED84E}
		{09DAA207-CD03-478C-A79C-88978392671C} = {69A37681-6122-4455-968A-D0F6BCAA44AC}
		{7453FE9E-3416-47B4-8459-C05E203CB0BA} = {2DC640A9-07E4-441D-9781-55956E16CEA7}
		{EB81016D-A58A-40D2-8370-06AE4655E1BA} = {86182233-4639-412C-BF2C-D4CE6F5276E1}
		{5BAFBCC6-672D-4600-9741-A89F70AB04CD} = {86182233-4639-412C-BF2C-D4CE6F5276E1}
		{458AC2D6-E3EF-410B-B7CF-203CEE44743F} = {505AFCC7-D222-4C18-A355-DD6FD442BEF4}
		{F8781953-07C9-4715-BFF2-0D6884922C89} = {505AFCC7-D222-4C18-A355-DD6FD442BEF4}
	EndGlobalSection
EndGlobal
